
Microsoft Visual Studio Solution File, Format Version 12.00
# Visual Studio Version 17
VisualStudioVersion = 17.7.34031.279
MinimumVisualStudioVersion = 10.0.40219.1
Project("{FAE04EC0-301F-11D3-BF4B-00C04F79EFBC}") = "PruebaCodeFirst", "PruebaCodeFirst\PruebaCodeFirst.csproj", "{C5166984-566B-4E51-9402-BE2BDA4FCBA2}"
EndProject
Project("{FAE04EC0-301F-11D3-BF4B-00C04F79EFBC}") = "DAL", "DAL\DAL.csproj", "{99618F94-0E09-4BDD-8463-B7F5C41E3DC0}"
EndProject
Global
	GlobalSection(SolutionConfigurationPlatforms) = preSolution
		Debug|Any CPU = Debug|Any CPU
		Release|Any CPU = Release|Any CPU
	EndGlobalSection
	GlobalSection(ProjectConfigurationPlatforms) = postSolution
		{C5166984-566B-4E51-9402-BE2BDA4FCBA2}.Debug|Any CPU.ActiveCfg = Debug|Any CPU
		{C5166984-566B-4E51-9402-BE2BDA4FCBA2}.Debug|Any CPU.Build.0 = Debug|Any CPU
		{C5166984-566B-4E51-9402-BE2BDA4FCBA2}.Release|Any CPU.ActiveCfg = Release|Any CPU
		{C5166984-566B-4E51-9402-BE2BDA4FCBA2}.Release|Any CPU.Build.0 = Release|Any CPU
		{99618F94-0E09-4BDD-8463-B7F5C41E3DC0}.Debug|Any CPU.ActiveCfg = Debug|Any CPU
		{99618F94-0E09-4BDD-8463-B7F5C41E3DC0}.Debug|Any CPU.Build.0 = Debug|Any CPU
		{99618F94-0E09-4BDD-8463-B7F5C41E3DC0}.Release|Any CPU.ActiveCfg = Release|Any CPU
		{99618F94-0E09-4BDD-8463-B7F5C41E3DC0}.Release|Any CPU.Build.0 = Release|Any CPU
	EndGlobalSection
	GlobalSection(SolutionProperties) = preSolution
		HideSolutionNode = FALSE
	EndGlobalSection
	GlobalSection(ExtensibilityGlobals) = postSolution
		SolutionGuid = {4986BBFD-8081-4F1A-92F3-DA75C1273CCA}
	EndGlobalSection
EndGlobal
